Microsoft Visual Studio Solution File, Format Version 8.00
Project("{8BC9CEB8-8B4A-11D0-8D11-00A0C91BC942}") = "DSCopy", "DSCopy.vcproj", "{37379C04-9AFC-4EC1-8A53-C8F6434DEDFC}"
	ProjectSection(ProjectDependencies) = postProject
	EndProjectSection
EndProject
Global
	GlobalSection(SolutionConfiguration) = preSolution
		Debug = Debug
		Release = Release
	EndGlobalSection
	GlobalSection(ProjectConfiguration) = postSolution
		{37379C04-9AFC-4EC1-8A53-C8F6434DEDFC}.Debug.ActiveCfg = Debug|Win32
		{37379C04-9AFC-4EC1-8A53-C8F6434DEDFC}.Debug.Build.0 = Debug|Win32
		{37379C04-9AFC-4EC1-8A53-C8F6434DEDFC}.Release.ActiveCfg = Release|Win32
		{37379C04-9AFC-4EC1-8A53-C8F6434DEDFC}.Release.Build.0 = Release|Win32
	EndGlobalSection
	GlobalSection(ExtensibilityGlobals) = postSolution
	EndGlobalSection
	GlobalSection(ExtensibilityAddIns) = postSolution
	EndGlobalSection
EndGlobal
